
Microsoft Visual Studio Solution File, Format Version 12.00
# Visual Studio Version 16
VisualStudioVersion = 16.0.32228.343
MinimumVisualStudioVersion = 10.0.40219.1
Project("{FAE04EC0-301F-11D3-BF4B-00C04F79EFBC}") = "ydz.HtmlToImageTool", "ydz.HtmlToImage\ydz.HtmlToImageTool.csproj", "{0493F21E-C960-408C-9DA6-CA90AC83BDB4}"
EndProject
Project("{FAE04EC0-301F-11D3-BF4B-00C04F79EFBC}") = "TestHtmlToImageTool", "TestHtmlToImageTool\TestHtmlToImageTool.csproj", "{9A93D448-8DDD-48DC-B539-4624A532C1D6}"
EndProject
Global
	GlobalSection(SolutionConfigurationPlatforms) = preSolution
		Debug|Any CPU = Debug|Any CPU
		Release|Any CPU = Release|Any CPU
	EndGlobalSection
	GlobalSection(ProjectConfigurationPlatforms) = postSolution
		{0493F21E-C960-408C-9DA6-CA90AC83BDB4}.Debug|Any CPU.ActiveCfg = Debug|Any CPU
		{0493F21E-C960-408C-9DA6-CA90AC83BDB4}.Debug|Any CPU.Build.0 = Debug|Any CPU
		{0493F21E-C960-408C-9DA6-CA90AC83BDB4}.Release|Any CPU.ActiveCfg = Release|Any CPU
		{0493F21E-C960-408C-9DA6-CA90AC83BDB4}.Release|Any CPU.Build.0 = Release|Any CPU
		{9A93D448-8DDD-48DC-B539-4624A532C1D6}.Debug|Any CPU.ActiveCfg = Debug|Any CPU
		{9A93D448-8DDD-48DC-B539-4624A532C1D6}.Debug|Any CPU.Build.0 = Debug|Any CPU
		{9A93D448-8DDD-48DC-B539-4624A532C1D6}.Release|Any CPU.ActiveCfg = Release|Any CPU
		{9A93D448-8DDD-48DC-B539-4624A532C1D6}.Release|Any CPU.Build.0 = Release|Any CPU
	EndGlobalSection
	GlobalSection(SolutionProperties) = preSolution
		HideSolutionNode = FALSE
	EndGlobalSection
	GlobalSection(ExtensibilityGlobals) = postSolution
		SolutionGuid = {7E9880F1-5DAC-4643-AC18-C79E1CF31EBB}
	EndGlobalSection
EndGlobal
